
Microsoft Visual Studio Solution File, Format Version 12.00
# Visual Studio Version 17
VisualStudioVersion = 17.0.32112.339
MinimumVisualStudioVersion = 10.0.40219.1
Project("{54A90642-561A-4BB1-A94E-469ADEE60C69}") = "client-app", "client-app\client-app.esproj", "{3C3C9237-967D-41DF-B506-E8AA71967060}"
EndProject
Project("{FAE04EC0-301F-11D3-BF4B-00C04F79EFBC}") = "back-end", "back-end\back-end.csproj", "{44F39C6C-CB63-422A-BF7D-FF8F85CBD00B}"
EndProject
Global
	GlobalSection(SolutionConfigurationPlatforms) = preSolution
		Debug|Any CPU = Debug|Any CPU
		Release|Any CPU = Release|Any CPU
	EndGlobalSection
	GlobalSection(ProjectConfigurationPlatforms) = postSolution
		{3C3C9237-967D-41DF-B506-E8AA71967060}.Debug|Any CPU.ActiveCfg = Debug|Any CPU
		{3C3C9237-967D-41DF-B506-E8AA71967060}.Debug|Any CPU.Build.0 = Debug|Any CPU
		{3C3C9237-967D-41DF-B506-E8AA71967060}.Debug|Any CPU.Deploy.0 = Debug|Any CPU
		{3C3C9237-967D-41DF-B506-E8AA71967060}.Release|Any CPU.ActiveCfg = Release|Any CPU
		{3C3C9237-967D-41DF-B506-E8AA71967060}.Release|Any CPU.Build.0 = Release|Any CPU
		{3C3C9237-967D-41DF-B506-E8AA71967060}.Release|Any CPU.Deploy.0 = Release|Any CPU
		{44F39C6C-CB63-422A-BF7D-FF8F85CBD00B}.Debug|Any CPU.ActiveCfg = Debug|Any CPU
		{44F39C6C-CB63-422A-BF7D-FF8F85CBD00B}.Debug|Any CPU.Build.0 = Debug|Any CPU
		{44F39C6C-CB63-422A-BF7D-FF8F85CBD00B}.Release|Any CPU.ActiveCfg = Release|Any CPU
		{44F39C6C-CB63-422A-BF7D-FF8F85CBD00B}.Release|Any CPU.Build.0 = Release|Any CPU
	EndGlobalSection
	GlobalSection(SolutionProperties) = preSolution
		HideSolutionNode = FALSE
	EndGlobalSection
	GlobalSection(ExtensibilityGlobals) = postSolution
		SolutionGuid = {6BED3C92-C85A-401D-AACA-50381F7A37D6}
	EndGlobalSection
EndGlobal
